// !$*UTF8*$!
{
	archiveVersion = 1;
	classes = {
	};
	objectVersion = 46;
	objects = {

/* Begin PBXAggregateTarget section */
		44ABB4841843EB8100B7983A /* UniversalLibrary */ = {
			isa = PBXAggregateTarget;
			buildConfigurationList = 44ABB4851843EB8100B7983A /* Build configuration list for PBXAggregateTarget "UniversalLibrary" */;
			buildPhases = (
				44ABB4881843EBDF00B7983A /* ShellScript */,
			);
			dependencies = (
			);
			name = UniversalLibrary;
			productName = UniversalLibrary;
		};
/* End PBXAggregateTarget section */

/* Begin PBXBuildFile section */
		44ABB4511843E9DE00B7983A /* Foundation.framework in Frameworks */ = {isa = PBXBuildFile; fileRef = 44ABB4501843E9DE00B7983A /* Foundation.framework */; };
		44ABB45F1843E9DE00B7983A /* XCTest.framework in Frameworks */ = {isa = PBXBuildFile; fileRef = 44ABB45E1843E9DE00B7983A /* XCTest.framework */; };
		44ABB4601843E9DE00B7983A /* Foundation.framework in Frameworks */ = {isa = PBXBuildFile; fileRef = 44ABB4501843E9DE00B7983A /* Foundation.framework */; };
		44ABB4621843E9DE00B7983A /* UIKit.framework in Frameworks */ = {isa = PBXBuildFile; fileRef = 44ABB4611843E9DE00B7983A /* UIKit.framework */; };
		44ABB4651843E9DE00B7983A /* libMMDrawerController.a in Frameworks */ = {isa = PBXBuildFile; fileRef = 44ABB44D1843E9DE00B7983A /* libMMDrawerController.a */; };
		44ABB46B1843E9DE00B7983A /* InfoPlist.strings in Resources */ = {isa = PBXBuildFile; fileRef = 44ABB4691843E9DE00B7983A /* InfoPlist.strings */; };
		44ABB46D1843E9DE00B7983A /* MMDrawerControllerTests.m in Sources */ = {isa = PBXBuildFile; fileRef = 44ABB46C1843E9DE00B7983A /* MMDrawerControllerTests.m */; };
		44ABB4801843EA1C00B7983A /* MMDrawerBarButtonItem.m in Sources */ = {isa = PBXBuildFile; fileRef = 44ABB4781843EA1C00B7983A /* MMDrawerBarButtonItem.m */; };
		44ABB4811843EA1C00B7983A /* MMDrawerController.m in Sources */ = {isa = PBXBuildFile; fileRef = 44ABB47A1843EA1C00B7983A /* MMDrawerController.m */; };
		44ABB4821843EA1C00B7983A /* MMDrawerVisualState.m in Sources */ = {isa = PBXBuildFile; fileRef = 44ABB47D1843EA1C00B7983A /* MMDrawerVisualState.m */; };
		44ABB4831843EA1C00B7983A /* UIViewController+MMDrawerController.m in Sources */ = {isa = PBXBuildFile; fileRef = 44ABB47F1843EA1C00B7983A /* UIViewController+MMDrawerController.m */; };
/* End PBXBuildFile section */

/* Begin PBXContainerItemProxy section */
		44ABB4631843E9DE00B7983A /* PBXContainerItemProxy */ = {
			isa = PBXContainerItemProxy;
			containerPortal = 44ABB4451843E9DE00B7983A /* Project object */;
			proxyType = 1;
			remoteGlobalIDString = 44ABB44C1843E9DE00B7983A;
			remoteInfo = MMDrawerController;
		};
/* End PBXContainerItemProxy section */

/* Begin PBXCopyFilesBuildPhase section */
		44ABB44B1843E9DE00B7983A /* CopyFiles */ = {
			isa = PBXCopyFilesBuildPhase;
			buildActionMask = 2147483647;
			dstPath = "include/$(PRODUCT_NAME)";
			dstSubfolderSpec = 16;
			files = (
			);
			runOnlyForDeploymentPostprocessing = 0;
		};
/* End PBXCopyFilesBuildPhase section */

/* Begin PBXFileReference section */
		44ABB44D1843E9DE00B7983A /* libMMDrawerController.a */ = {isa = PBXFileReference; explicitFileType = archive.ar; includeInIndex = 0; path = libMMDrawerController.a; sourceTree = BUILT_PRODUCTS_DIR; };
		44ABB4501843E9DE00B7983A /* Foundation.framework */ = {isa = PBXFileReference; lastKnownFileType = wrapper.framework; name = Foundation.framework; path = System/Library/Frameworks/Foundation.framework; sourceTree = SDKROOT; };
		44ABB4541843E9DE00B7983A /* MMDrawerController-Prefix.pch */ = {isa = PBXFileReference; lastKnownFileType = sourcecode.c.h; path = "MMDrawerController-Prefix.pch"; sourceTree = "<group>"; };
		44ABB45D1843E9DE00B7983A /* MMDrawerControllerTests.xctest */ = {isa = PBXFileReference; explicitFileType = wrapper.cfbundle; includeInIndex = 0; path = MMDrawerControllerTests.xctest; sourceTree = BUILT_PRODUCTS_DIR; };
		44ABB45E1843E9DE00B7983A /* XCTest.framework */ = {isa = PBXFileReference; lastKnownFileType = wrapper.framework; name = XCTest.framework; path = Library/Frameworks/XCTest.framework; sourceTree = DEVELOPER_DIR; };
		44ABB4611843E9DE00B7983A /* UIKit.framework */ = {isa = PBXFileReference; lastKnownFileType = wrapper.framework; name = UIKit.framework; path = Library/Frameworks/UIKit.framework; sourceTree = DEVELOPER_DIR; };
		44ABB4681843E9DE00B7983A /* MMDrawerControllerTests-Info.plist */ = {isa = PBXFileReference; lastKnownFileType = text.plist.xml; path = "MMDrawerControllerTests-Info.plist"; sourceTree = "<group>"; };
		44ABB46A1843E9DE00B7983A /* en */ = {isa = PBXFileReference; lastKnownFileType = text.plist.strings; name = en; path = en.lproj/InfoPlist.strings; sourceTree = "<group>"; };
		44ABB46C1843E9DE00B7983A /* MMDrawerControllerTests.m */ = {isa = PBXFileReference; lastKnownFileType = sourcecode.c.objc; path = MMDrawerControllerTests.m; sourceTree = "<group>"; };
		44ABB4771843EA1C00B7983A /* MMDrawerBarButtonItem.h */ = {isa = PBXFileReference; fileEncoding = 4; lastKnownFileType = sourcecode.c.h; name = MMDrawerBarButtonItem.h; path = ../../ext/MMDrawerController/MMDrawerController/MMDrawerBarButtonItem.h; sourceTree = "<group>"; };
		44ABB4781843EA1C00B7983A /* MMDrawerBarButtonItem.m */ = {isa = PBXFileReference; fileEncoding = 4; lastKnownFileType = sourcecode.c.objc; name = MMDrawerBarButtonItem.m; path = ../../ext/MMDrawerController/MMDrawerController/MMDrawerBarButtonItem.m; sourceTree = "<group>"; };
		44ABB4791843EA1C00B7983A /* MMDrawerController.h */ = {isa = PBXFileReference; fileEncoding = 4; lastKnownFileType = sourcecode.c.h; name = MMDrawerController.h; path = ../../ext/MMDrawerController/MMDrawerController/MMDrawerController.h; sourceTree = "<group>"; };
		44ABB47A1843EA1C00B7983A /* MMDrawerController.m */ = {isa = PBXFileReference; fileEncoding = 4; lastKnownFileType = sourcecode.c.objc; name = MMDrawerController.m; path = ../../ext/MMDrawerController/MMDrawerController/MMDrawerController.m; sourceTree = "<group>"; };
		44ABB47B1843EA1C00B7983A /* MMDrawerController+Subclass.h */ = {isa = PBXFileReference; fileEncoding = 4; lastKnownFileType = sourcecode.c.h; name = "MMDrawerController+Subclass.h"; path = "../../ext/MMDrawerController/MMDrawerController/MMDrawerController+Subclass.h"; sourceTree = "<group>"; };
		44ABB47C1843EA1C00B7983A /* MMDrawerVisualState.h */ = {isa = PBXFileReference; fileEncoding = 4; lastKnownFileType = sourcecode.c.h; name = MMDrawerVisualState.h; path = ../../ext/MMDrawerController/MMDrawerController/MMDrawerVisualState.h; sourceTree = "<group>"; };
		44ABB47D1843EA1C00B7983A /* MMDrawerVisualState.m */ = {isa = PBXFileReference; fileEncoding = 4; lastKnownFileType = sourcecode.c.objc; name = MMDrawerVisualState.m; path = ../../ext/MMDrawerController/MMDrawerController/MMDrawerVisualState.m; sourceTree = "<group>"; };
		44ABB47E1843EA1C00B7983A /* UIViewController+MMDrawerController.h */ = {isa = PBXFileReference; fileEncoding = 4; lastKnownFileType = sourcecode.c.h; name = "UIViewController+MMDrawerController.h"; path = "../../ext/MMDrawerController/MMDrawerController/UIViewController+MMDrawerController.h"; sourceTree = "<group>"; };
		44ABB47F1843EA1C00B7983A /* UIViewController+MMDrawerController.m */ = {isa = PBXFileReference; fileEncoding = 4; lastKnownFileType = sourcecode.c.objc; name = "UIViewController+MMDrawerController.m"; path = "../../ext/MMDrawerController/MMDrawerController/UIViewController+MMDrawerController.m"; sourceTree = "<group>"; };
/* End PBXFileReference section */

/* Begin PBXFrameworksBuildPhase section */
		44ABB44A1843E9DE00B7983A /* Frameworks */ = {
			isa = PBXFrameworksBuildPhase;
			buildActionMask = 2147483647;
			files = (
				44ABB4511843E9DE00B7983A /* Foundation.framework in Frameworks */,
			);
			runOnlyForDeploymentPostprocessing = 0;
		};
		44ABB45A1843E9DE00B7983A /* Frameworks */ = {
			isa = PBXFrameworksBuildPhase;
			buildActionMask = 2147483647;
			files = (
				44ABB4651843E9DE00B7983A /* libMMDrawerController.a in Frameworks */,
				44ABB45F1843E9DE00B7983A /* XCTest.framework in Frameworks */,
				44ABB4621843E9DE00B7983A /* UIKit.framework in Frameworks */,
				44ABB4601843E9DE00B7983A /* Foundation.framework in Frameworks */,
			);
			runOnlyForDeploymentPostprocessing = 0;
		};
/* End PBXFrameworksBuildPhase section */

/* Begin PBXGroup section */
		44ABB4441843E9DE00B7983A = {
			isa = PBXGroup;
			children = (
				44ABB4521843E9DE00B7983A /* MMDrawerController */,
				44ABB4661843E9DE00B7983A /* MMDrawerControllerTests */,
				44ABB44F1843E9DE00B7983A /* Frameworks */,
				44ABB44E1843E9DE00B7983A /* Products */,
			);
			sourceTree = "<group>";
		};
		44ABB44E1843E9DE00B7983A /* Products */ = {
			isa = PBXGroup;
			children = (
				44ABB44D1843E9DE00B7983A /* libMMDrawerController.a */,
				44ABB45D1843E9DE00B7983A /* MMDrawerControllerTests.xctest */,
			);
			name = Products;
			sourceTree = "<group>";
		};
		44ABB44F1843E9DE00B7983A /* Frameworks */ = {
			isa = PBXGroup;
			children = (
				44ABB4501843E9DE00B7983A /* Foundation.framework */,
				44ABB45E1843E9DE00B7983A /* XCTest.framework */,
				44ABB4611843E9DE00B7983A /* UIKit.framework */,
			);
			name = Frameworks;
			sourceTree = "<group>";
		};
		44ABB4521843E9DE00B7983A /* MMDrawerController */ = {
			isa = PBXGroup;
			children = (
				44ABB4771843EA1C00B7983A /* MMDrawerBarButtonItem.h */,
				44ABB4781843EA1C00B7983A /* MMDrawerBarButtonItem.m */,
				44ABB4791843EA1C00B7983A /* MMDrawerController.h */,
				44ABB47A1843EA1C00B7983A /* MMDrawerController.m */,
				44ABB47B1843EA1C00B7983A /* MMDrawerController+Subclass.h */,
				44ABB47C1843EA1C00B7983A /* MMDrawerVisualState.h */,
				44ABB47D1843EA1C00B7983A /* MMDrawerVisualState.m */,
				44ABB47E1843EA1C00B7983A /* UIViewController+MMDrawerController.h */,
				44ABB47F1843EA1C00B7983A /* UIViewController+MMDrawerController.m */,
				44ABB4531843E9DE00B7983A /* Supporting Files */,
			);
			path = MMDrawerController;
			sourceTree = "<group>";
		};
		44ABB4531843E9DE00B7983A /* Supporting Files */ = {
			isa = PBXGroup;
			children = (
				44ABB4541843E9DE00B7983A /* MMDrawerController-Prefix.pch */,
			);
			name = "Supporting Files";
			sourceTree = "<group>";
		};
		44ABB4661843E9DE00B7983A /* MMDrawerControllerTests */ = {
			isa = PBXGroup;
			children = (
				44ABB46C1843E9DE00B7983A /* MMDrawerControllerTests.m */,
				44ABB4671843E9DE00B7983A /* Supporting Files */,
			);
			path = MMDrawerControllerTests;
			sourceTree = "<group>";
		};
		44ABB4671843E9DE00B7983A /* Supporting Files */ = {
			isa = PBXGroup;
			children = (
				44ABB4681843E9DE00B7983A /* MMDrawerControllerTests-Info.plist */,
				44ABB4691843E9DE00B7983A /* InfoPlist.strings */,
			);
			name = "Supporting Files";
			sourceTree = "<group>";
		};
/* End PBXGroup section */

/* Begin PBXNativeTarget section */
		44ABB44C1843E9DE00B7983A /* MMDrawerController */ = {
			isa = PBXNativeTarget;
			buildConfigurationList = 44ABB4701843E9DE00B7983A /* Build configuration list for PBXNativeTarget "MMDrawerController" */;
			buildPhases = (
				44ABB4491843E9DE00B7983A /* Sources */,
				44ABB44A1843E9DE00B7983A /* Frameworks */,
				44ABB44B1843E9DE00B7983A /* CopyFiles */,
			);
			buildRules = (
			);
			dependencies = (
			);
			name = MMDrawerController;
			productName = MMDrawerController;
			productReference = 44ABB44D1843E9DE00B7983A /* libMMDrawerController.a */;
			productType = "com.apple.product-type.library.static";
		};
		44ABB45C1843E9DE00B7983A /* MMDrawerControllerTests */ = {
			isa = PBXNativeTarget;
			buildConfigurationList = 44ABB4731843E9DE00B7983A /* Build configuration list for PBXNativeTarget "MMDrawerControllerTests" */;
			buildPhases = (
				44ABB4591843E9DE00B7983A /* Sources */,
				44ABB45A1843E9DE00B7983A /* Frameworks */,
				44ABB45B1843E9DE00B7983A /* Resources */,
			);
			buildRules = (
			);
			dependencies = (
				44ABB4641843E9DE00B7983A /* PBXTargetDependency */,
			);
			name = MMDrawerControllerTests;
			productName = MMDrawerControllerTests;
			productReference = 44ABB45D1843E9DE00B7983A /* MMDrawerControllerTests.xctest */;
			productType = "com.apple.product-type.bundle.unit-test";
		};
/* End PBXNativeTarget section */

/* Begin PBXProject section */
		44ABB4451843E9DE00B7983A /* Project object */ = {
			isa = PBXProject;
			attributes = {
				LastUpgradeCheck = 0500;
				ORGANIZATIONNAME = Kato;
			};
			buildConfigurationList = 44ABB4481843E9DE00B7983A /* Build configuration list for PBXProject "MMDrawerController" */;
			compatibilityVersion = "Xcode 3.2";
			developmentRegion = English;
			hasScannedForEncodings = 0;
			knownRegions = (
				en,
			);
			mainGroup = 44ABB4441843E9DE00B7983A;
			productRefGroup = 44ABB44E1843E9DE00B7983A /* Products */;
			projectDirPath = "";
			projectRoot = "";
			targets = (
				44ABB44C1843E9DE00B7983A /* MMDrawerController */,
				44ABB45C1843E9DE00B7983A /* MMDrawerControllerTests */,
				44ABB4841843EB8100B7983A /* UniversalLibrary */,
			);
		};
/* End PBXProject section */

/* Begin PBXResourcesBuildPhase section */
		44ABB45B1843E9DE00B7983A /* Resources */ = {
			isa = PBXResourcesBuildPhase;
			buildActionMask = 2147483647;
			files = (
				44ABB46B1843E9DE00B7983A /* InfoPlist.strings in Resources */,
			);
			runOnlyForDeploymentPostprocessing = 0;
		};
/* End PBXResourcesBuildPhase section */

/* Begin PBXShellScriptBuildPhase section */
		44ABB4881843EBDF00B7983A /* ShellScript */ = {
			isa = PBXShellScriptBuildPhase;
			buildActionMask = 2147483647;
			files = (
			);
			inputPaths = (
			);
			outputPaths = (
			);
			runOnlyForDeploymentPostprocessing = 0;
			shellPath = /bin/sh;
			shellScript = "# http://www.raywenderlich.com/41377/creating-a-static-library-in-ios-tutorial\n# define output folder environment variable\nUNIVERSAL_OUTPUTFOLDER=${BUILD_DIR}/${CONFIGURATION}-universal\n\n# Step 1. Build Device and Simulator versions\nxcodebuild -target MMDrawerController ONLY_ACTIVE_ARCH=NO -configuration ${CONFIGURATION} -sdk iphoneos  BUILD_DIR=\"${BUILD_DIR}\" BUILD_ROOT=\"${BUILD_ROOT}\"\nxcodebuild -target MMDrawerController -configuration ${CONFIGURATION} -sdk iphonesimulator -arch i386 BUILD_DIR=\"${BUILD_DIR}\" BUILD_ROOT=\"${BUILD_ROOT}\"\n\n# make sure the output directory exists\nmkdir -p \"${UNIVERSAL_OUTPUTFOLDER}\"\n\n# Step 2. Create universal binary file using lipo\nlipo -create -output \"${UNIVERSAL_OUTPUTFOLDER}/lib${PROJECT_NAME}.a\" \"${BUILD_DIR}/${CONFIGURATION}-iphoneos/lib${PROJECT_NAME}.a\" \"${BUILD_DIR}/${CONFIGURATION}-iphonesimulator/lib${PROJECT_NAME}.a\"\n\n# Last touch. copy the header files. Just for convenience\ncp -R \"${BUILD_DIR}/${CONFIGURATION}-iphoneos/include\" \"${UNIVERSAL_OUTPUTFOLDER}/\"";
		};
/* End PBXShellScriptBuildPhase section */

/* Begin PBXSourcesBuildPhase section */
		44ABB4491843E9DE00B7983A /* Sources */ = {
			isa = PBXSourcesBuildPhase;
			buildActionMask = 2147483647;
			files = (
				44ABB4821843EA1C00B7983A /* MMDrawerVisualState.m in Sources */,
				44ABB4811843EA1C00B7983A /* MMDrawerController.m in Sources */,
				44ABB4831843EA1C00B7983A /* UIViewController+MMDrawerController.m in Sources */,
				44ABB4801843EA1C00B7983A /* MMDrawerBarButtonItem.m in Sources */,
			);
			runOnlyForDeploymentPostprocessing = 0;
		};
		44ABB4591843E9DE00B7983A /* Sources */ = {
			isa = PBXSourcesBuildPhase;
			buildActionMask = 2147483647;
			files = (
				44ABB46D1843E9DE00B7983A /* MMDrawerControllerTests.m in Sources */,
			);
			runOnlyForDeploymentPostprocessing = 0;
		};
/* End PBXSourcesBuildPhase section */

/* Begin PBXTargetDependency section */
		44ABB4641843E9DE00B7983A /* PBXTargetDependency */ = {
			isa = PBXTargetDependency;
			target = 44ABB44C1843E9DE00B7983A /* MMDrawerController */;
			targetProxy = 44ABB4631843E9DE00B7983A /* PBXContainerItemProxy */;
		};
/* End PBXTargetDependency section */

/* Begin PBXVariantGroup section */
		44ABB4691843E9DE00B7983A /* InfoPlist.strings */ = {
			isa = PBXVariantGroup;
			children = (
				44ABB46A1843E9DE00B7983A /* en */,
			);
			name = InfoPlist.strings;
			sourceTree = "<group>";
		};
/* End PBXVariantGroup section */

/* Begin XCBuildConfiguration section */
		44ABB46E1843E9DE00B7983A /* Debug */ = {
			isa = XCBuildConfiguration;
			buildSettings = {
				ALWAYS_SEARCH_USER_PATHS = NO;
				ARCHS = "$(ARCHS_STANDARD_INCLUDING_64_BIT)";
				CLANG_CXX_LANGUAGE_STANDARD = "gnu++0x";
				CLANG_CXX_LIBRARY = "libc++";
				CLANG_ENABLE_MODULES = YES;
				CLANG_ENABLE_OBJC_ARC = YES;
				CLANG_WARN_BOOL_CONVERSION = YES;
				CLANG_WARN_CONSTANT_CONVERSION = YES;
				CLANG_WARN_DIRECT_OBJC_ISA_USAGE = YES_ERROR;
				CLANG_WARN_EMPTY_BODY = YES;
				CLANG_WARN_ENUM_CONVERSION = YES;
				CLANG_WARN_INT_CONVERSION = YES;
				CLANG_WARN_OBJC_ROOT_CLASS = YES_ERROR;
				CLANG_WARN__DUPLICATE_METHOD_MATCH = YES;
				COPY_PHASE_STRIP = NO;
				GCC_C_LANGUAGE_STANDARD = gnu99;
				GCC_DYNAMIC_NO_PIC = NO;
				GCC_OPTIMIZATION_LEVEL = 0;
				GCC_PREPROCESSOR_DEFINITIONS = (
					"DEBUG=1",
					"$(inherited)",
				);
				GCC_SYMBOLS_PRIVATE_EXTERN = NO;
				GCC_WARN_64_TO_32_BIT_CONVERSION = YES;
				GCC_WARN_ABOUT_RETURN_TYPE = YES_ERROR;
				GCC_WARN_UNDECLARED_SELECTOR = YES;
				GCC_WARN_UNINITIALIZED_AUTOS = YES;
				GCC_WARN_UNUSED_FUNCTION = YES;
				GCC_WARN_UNUSED_VARIABLE = YES;
				IPHONEOS_DEPLOYMENT_TARGET = 7.0;
				ONLY_ACTIVE_ARCH = YES;
				SDKROOT = iphoneos;
			};
			name = Debug;
		};
		44ABB46F1843E9DE00B7983A /* Release */ = {
			isa = XCBuildConfiguration;
			buildSettings = {
				ALWAYS_SEARCH_USER_PATHS = NO;
				ARCHS = "$(ARCHS_STANDARD_INCLUDING_64_BIT)";
				CLANG_CXX_LANGUAGE_STANDARD = "gnu++0x";
				CLANG_CXX_LIBRARY = "libc++";
				CLANG_ENABLE_MODULES = YES;
				CLANG_ENABLE_OBJC_ARC = YES;
				CLANG_WARN_BOOL_CONVERSION = YES;
				CLANG_WARN_CONSTANT_CONVERSION = YES;
				CLANG_WARN_DIRECT_OBJC_ISA_USAGE = YES_ERROR;
				CLANG_WARN_EMPTY_BODY = YES;
				CLANG_WARN_ENUM_CONVERSION = YES;
				CLANG_WARN_INT_CONVERSION = YES;
				CLANG_WARN_OBJC_ROOT_CLASS = YES_ERROR;
				CLANG_WARN__DUPLICATE_METHOD_MATCH = YES;
				COPY_PHASE_STRIP = YES;
				ENABLE_NS_ASSERTIONS = NO;
				GCC_C_LANGUAGE_STANDARD = gnu99;
				GCC_WARN_64_TO_32_BIT_CONVERSION = YES;
				GCC_WARN_ABOUT_RETURN_TYPE = YES_ERROR;
				GCC_WARN_UNDECLARED_SELECTOR = YES;
				GCC_WARN_UNINITIALIZED_AUTOS = YES;
				GCC_WARN_UNUSED_FUNCTION = YES;
				GCC_WARN_UNUSED_VARIABLE = YES;
				IPHONEOS_DEPLOYMENT_TARGET = 7.0;
				SDKROOT = iphoneos;
				VALIDATE_PRODUCT = YES;
			};
			name = Release;
		};
		44ABB4711843E9DE00B7983A /* Debug */ = {
			isa = XCBuildConfiguration;
			buildSettings = {
				DSTROOT = /tmp/MMDrawerController.dst;
				GCC_PRECOMPILE_PREFIX_HEADER = YES;
				GCC_PREFIX_HEADER = "MMDrawerController/MMDrawerController-Prefix.pch";
				OTHER_LDFLAGS = "-ObjC";
				PRODUCT_NAME = "$(TARGET_NAME)";
				SKIP_INSTALL = YES;
			};
			name = Debug;
		};
		44ABB4721843E9DE00B7983A /* Release */ = {
			isa = XCBuildConfiguration;
			buildSettings = {
				DSTROOT = /tmp/MMDrawerController.dst;
				GCC_PRECOMPILE_PREFIX_HEADER = YES;
				GCC_PREFIX_HEADER = "MMDrawerController/MMDrawerController-Prefix.pch";
				OTHER_LDFLAGS = "-ObjC";
				PRODUCT_NAME = "$(TARGET_NAME)";
				SKIP_INSTALL = YES;
			};
			name = Release;
		};
		44ABB4741843E9DE00B7983A /* Debug */ = {
			isa = XCBuildConfiguration;
			buildSettings = {
				ARCHS = "$(ARCHS_STANDARD_INCLUDING_64_BIT)";
				FRAMEWORK_SEARCH_PATHS = (
					"$(SDKROOT)/Developer/Library/Frameworks",
					"$(inherited)",
					"$(DEVELOPER_FRAMEWORKS_DIR)",
				);
				GCC_PRECOMPILE_PREFIX_HEADER = YES;
				GCC_PREFIX_HEADER = "MMDrawerController/MMDrawerController-Prefix.pch";
				GCC_PREPROCESSOR_DEFINITIONS = (
					"DEBUG=1",
					"$(inherited)",
				);
				INFOPLIST_FILE = "MMDrawerControllerTests/MMDrawerControllerTests-Info.plist";
				PRODUCT_NAME = "$(TARGET_NAME)";
				WRAPPER_EXTENSION = xctest;
			};
			name = Debug;
		};
		44ABB4751843E9DE00B7983A /* Release */ = {
			isa = XCBuildConfiguration;
			buildSettings = {
				ARCHS = "$(ARCHS_STANDARD_INCLUDING_64_BIT)";
				FRAMEWORK_SEARCH_PATHS = (
					"$(SDKROOT)/Developer/Library/Frameworks",
					"$(inherited)",
					"$(DEVELOPER_FRAMEWORKS_DIR)",
				);
				GCC_PRECOMPILE_PREFIX_HEADER = YES;
				GCC_PREFIX_HEADER = "MMDrawerController/MMDrawerController-Prefix.pch";
				INFOPLIST_FILE = "MMDrawerControllerTests/MMDrawerControllerTests-Info.plist";
				PRODUCT_NAME = "$(TARGET_NAME)";
				WRAPPER_EXTENSION = xctest;
			};
			name = Release;
		};
		44ABB4861843EB8100B7983A /* Debug */ = {
			isa = XCBuildConfiguration;
			buildSettings = {
				PRODUCT_NAME = "$(TARGET_NAME)";
			};
			name = Debug;
		};
		44ABB4871843EB8100B7983A /* Release */ = {
			isa = XCBuildConfiguration;
			buildSettings = {
				PRODUCT_NAME = "$(TARGET_NAME)";
			};
			name = Release;
		};
/* End XCBuildConfiguration section */

/* Begin XCConfigurationList section */
		44ABB4481843E9DE00B7983A /* Build configuration list for PBXProject "MMDrawerController" */ = {
			isa = XCConfigurationList;
			buildConfigurations = (
				44ABB46E1843E9DE00B7983A /* Debug */,
				44ABB46F1843E9DE00B7983A /* Release */,
			);
			defaultConfigurationIsVisible = 0;
			defaultConfigurationName = Release;
		};
		44ABB4701843E9DE00B7983A /* Build configuration list for PBXNativeTarget "MMDrawerController" */ = {
			isa = XCConfigurationList;
			buildConfigurations = (
				44ABB4711843E9DE00B7983A /* Debug */,
				44ABB4721843E9DE00B7983A /* Release */,
			);
			defaultConfigurationIsVisible = 0;
			defaultConfigurationName = Release;
		};
		44ABB4731843E9DE00B7983A /* Build configuration list for PBXNativeTarget "MMDrawerControllerTests" */ = {
			isa = XCConfigurationList;
			buildConfigurations = (
				44ABB4741843E9DE00B7983A /* Debug */,
				44ABB4751843E9DE00B7983A /* Release */,
			);
			defaultConfigurationIsVisible = 0;
			defaultConfigurationName = Release;
		};
		44ABB4851843EB8100B7983A /* Build configuration list for PBXAggregateTarget "UniversalLibrary" */ = {
			isa = XCConfigurationList;
			buildConfigurations = (
				44ABB4861843EB8100B7983A /* Debug */,
				44ABB4871843EB8100B7983A /* Release */,
			);
			defaultConfigurationIsVisible = 0;
			defaultConfigurationName = Release;
		};
/* End XCConfigurationList section */
	};
	rootObject = 44ABB4451843E9DE00B7983A /* Project object */;
}
